
Microsoft Visual Studio Solution File, Format Version 12.00
# Visual Studio Version 17
VisualStudioVersion = 17.0.31903.59
MinimumVisualStudioVersion = 10.0.40219.1
Project("{2150E333-8FDC-42A3-9474-1A3956D46DE8}") = "src", "src", "{58B68DE4-2A33-4EDC-80EF-BA04C90AB41B}"
EndProject
Project("{FAE04EC0-301F-11D3-BF4B-00C04F79EFBC}") = "SupplyDemand", "src\SupplyDemand\SupplyDemand.csproj", "{9305366E-D947-4107-B79F-69E66173EAF8}"
EndProject
Project("{2150E333-8FDC-42A3-9474-1A3956D46DE8}") = "tests", "tests", "{46A03E42-C559-4D30-9CCE-5BC24C094B74}"
EndProject
Project("{FAE04EC0-301F-11D3-BF4B-00C04F79EFBC}") = "SupplyDemand.Tests", "tests\SupplyDemand.Tests\SupplyDemand.Tests.csproj", "{0D36518E-F071-4FCC-AA6D-A314A5A9761D}"
EndProject
Global
	GlobalSection(SolutionConfigurationPlatforms) = preSolution
		Debug|Any CPU = Debug|Any CPU
		Release|Any CPU = Release|Any CPU
	EndGlobalSection
	GlobalSection(SolutionProperties) = preSolution
		HideSolutionNode = FALSE
	EndGlobalSection
	GlobalSection(ProjectConfigurationPlatforms) = postSolution
		{9305366E-D947-4107-B79F-69E66173EAF8}.Debug|Any CPU.ActiveCfg = Debug|Any CPU
		{9305366E-D947-4107-B79F-69E66173EAF8}.Debug|Any CPU.Build.0 = Debug|Any CPU
		{9305366E-D947-4107-B79F-69E66173EAF8}.Release|Any CPU.ActiveCfg = Release|Any CPU
		{9305366E-D947-4107-B79F-69E66173EAF8}.Release|Any CPU.Build.0 = Release|Any CPU
		{0D36518E-F071-4FCC-AA6D-A314A5A9761D}.Debug|Any CPU.ActiveCfg = Debug|Any CPU
		{0D36518E-F071-4FCC-AA6D-A314A5A9761D}.Debug|Any CPU.Build.0 = Debug|Any CPU
		{0D36518E-F071-4FCC-AA6D-A314A5A9761D}.Release|Any CPU.ActiveCfg = Release|Any CPU
		{0D36518E-F071-4FCC-AA6D-A314A5A9761D}.Release|Any CPU.Build.0 = Release|Any CPU
	EndGlobalSection
	GlobalSection(NestedProjects) = preSolution
		{9305366E-D947-4107-B79F-69E66173EAF8} = {58B68DE4-2A33-4EDC-80EF-BA04C90AB41B}
		{0D36518E-F071-4FCC-AA6D-A314A5A9761D} = {46A03E42-C559-4D30-9CCE-5BC24C094B74}
	EndGlobalSection
EndGlobal
